// !$*UTF8*$!
{
	archiveVersion = 1;
	classes = {
	};
	objectVersion = 46;
	objects = {

/* Begin PBXBuildFile section */
		19AED6C51BEB8CF8004BB2E3 /* NetSender.m in Sources */ = {isa = PBXBuildFile; fileRef = 19AED6C41BEB8CF8004BB2E3 /* NetSender.m */; };
		19AED6C81BEB93D3004BB2E3 /* ModelUtil.m in Sources */ = {isa = PBXBuildFile; fileRef = 19AED6C71BEB93D3004BB2E3 /* ModelUtil.m */; };
		19DDA40E1BE24F7200DD7661 /* RegisterController.m in Sources */ = {isa = PBXBuildFile; fileRef = 19DDA40D1BE24F7200DD7661 /* RegisterController.m */; };
		19DDDAB71BEF7C1B000319DF /* RecommondTBCell.m in Sources */ = {isa = PBXBuildFile; fileRef = 19DDDAB61BEF7C1B000319DF /* RecommondTBCell.m */; };
		19DDDAB91BEF7CB5000319DF /* RecommondTBCell.xib in Resources */ = {isa = PBXBuildFile; fileRef = 19DDDAB81BEF7CB5000319DF /* RecommondTBCell.xib */; };
		19DDDABD1BEFA464000319DF /* UIIamge+Circle.m in Sources */ = {isa = PBXBuildFile; fileRef = 19DDDABC1BEFA464000319DF /* UIIamge+Circle.m */; };
		19DDDAC01BEFA48C000319DF /* UINavigationBar+Awesome.m in Sources */ = {isa = PBXBuildFile; fileRef = 19DDDABF1BEFA48C000319DF /* UINavigationBar+Awesome.m */; };
		19DDDAC31BEFA546000319DF /* ShowUserDataController.m in Sources */ = {isa = PBXBuildFile; fileRef = 19DDDAC21BEFA546000319DF /* ShowUserDataController.m */; };
		19E02C271BEDE85E0042C623 /* GMDCircleLoader.m in Sources */ = {isa = PBXBuildFile; fileRef = 19E02C261BEDE85E0042C623 /* GMDCircleLoader.m */; };
		19E02C2B1BEDFE270042C623 /* Util.m in Sources */ = {isa = PBXBuildFile; fileRef = 19E02C2A1BEDFE270042C623 /* Util.m */; };
		19E0D68D1BE111CB001897F3 /* main.m in Sources */ = {isa = PBXBuildFile; fileRef = 19E0D68C1BE111CB001897F3 /* main.m */; };
		19E0D6901BE111CB001897F3 /* AppDelegate.m in Sources */ = {isa = PBXBuildFile; fileRef = 19E0D68F1BE111CB001897F3 /* AppDelegate.m */; };
		19E0D6961BE111CB001897F3 /* Main.storyboard in Resources */ = {isa = PBXBuildFile; fileRef = 19E0D6941BE111CB001897F3 /* Main.storyboard */; };
		19E0D6991BE111CB001897F3 /* Confidant.xcdatamodeld in Sources */ = {isa = PBXBuildFile; fileRef = 19E0D6971BE111CB001897F3 /* Confidant.xcdatamodeld */; };
		19E0D69B1BE111CB001897F3 /* Assets.xcassets in Resources */ = {isa = PBXBuildFile; fileRef = 19E0D69A1BE111CB001897F3 /* Assets.xcassets */; };
		19E0D69E1BE111CB001897F3 /* LaunchScreen.storyboard in Resources */ = {isa = PBXBuildFile; fileRef = 19E0D69C1BE111CB001897F3 /* LaunchScreen.storyboard */; };
		19E0D6A91BE111CB001897F3 /* ConfidantTests.m in Sources */ = {isa = PBXBuildFile; fileRef = 19E0D6A81BE111CB001897F3 /* ConfidantTests.m */; };
		19E0D6B41BE111CB001897F3 /* ConfidantUITests.m in Sources */ = {isa = PBXBuildFile; fileRef = 19E0D6B31BE111CB001897F3 /* ConfidantUITests.m */; };
		19E0D6C41BE11265001897F3 /* SplashController.m in Sources */ = {isa = PBXBuildFile; fileRef = 19E0D6C31BE11265001897F3 /* SplashController.m */; };
		19E0D6CC1BE11305001897F3 /* AMBlurView.m in Sources */ = {isa = PBXBuildFile; fileRef = 19E0D6C71BE11305001897F3 /* AMBlurView.m */; };
		19E0D6CD1BE11305001897F3 /* MYBlurIntroductionView.m in Sources */ = {isa = PBXBuildFile; fileRef = 19E0D6C91BE11305001897F3 /* MYBlurIntroductionView.m */; };
		19E0D6CE1BE11305001897F3 /* MYIntroductionPanel.m in Sources */ = {isa = PBXBuildFile; fileRef = 19E0D6CB1BE11305001897F3 /* MYIntroductionPanel.m */; };
		19E0D6D01BE11564001897F3 /* SplashItem.xib in Resources */ = {isa = PBXBuildFile; fileRef = 19E0D6CF1BE11564001897F3 /* SplashItem.xib */; };
		19E0D6D31BE1183B001897F3 /* LoginController.m in Sources */ = {isa = PBXBuildFile; fileRef = 19E0D6D21BE1183B001897F3 /* LoginController.m */; };
		19E1696D1BE465E100947DDE /* FateController.m in Sources */ = {isa = PBXBuildFile; fileRef = 19E1696C1BE465E100947DDE /* FateController.m */; };
		19E1698A1BE4CFDE00947DDE /* MsgController.m in Sources */ = {isa = PBXBuildFile; fileRef = 19E169891BE4CFDE00947DDE /* MsgController.m */; };
		19E178031BE5275400BB5803 /* MsgTBCell.m in Sources */ = {isa = PBXBuildFile; fileRef = 19E178011BE5275400BB5803 /* MsgTBCell.m */; };
		19E178041BE5275400BB5803 /* MsgTBCell.xib in Resources */ = {isa = PBXBuildFile; fileRef = 19E178021BE5275400BB5803 /* MsgTBCell.xib */; };
		19E3646E1BE619C900B28498 /* ChatListViewController.m in Sources */ = {isa = PBXBuildFile; fileRef = 19E3646D1BE619C900B28498 /* ChatListViewController.m */; };
		19E364771BE6551C00B28498 /* SMS_SDKLocalizable.strings in Resources */ = {isa = PBXBuildFile; fileRef = 19E364701BE6551C00B28498 /* SMS_SDKLocalizable.strings */; };
		19E364781BE6551C00B28498 /* MOBFoundation.framework in Frameworks */ = {isa = PBXBuildFile; fileRef = 19E364721BE6551C00B28498 /* MOBFoundation.framework */; };
		19E364791BE6551C00B28498 /* SMS_SDK.framework in Frameworks */ = {isa = PBXBuildFile; fileRef = 19E364731BE6551C00B28498 /* SMS_SDK.framework */; };
		19E3647A1BE6551C00B28498 /* SMS_SDKLocalizable.strings in Resources */ = {isa = PBXBuildFile; fileRef = 19E364751BE6551C00B28498 /* SMS_SDKLocalizable.strings */; };
		19E3647C1BE6563B00B28498 /* libicucore.tbd in Frameworks */ = {isa = PBXBuildFile; fileRef = 19E3647B1BE6563B00B28498 /* libicucore.tbd */; };
		19E3647E1BE6565000B28498 /* libz.tbd in Frameworks */ = {isa = PBXBuildFile; fileRef = 19E3647D1BE6565000B28498 /* libz.tbd */; };
		19E364801BE6565C00B28498 /* MessageUI.framework in Frameworks */ = {isa = PBXBuildFile; fileRef = 19E3647F1BE6565C00B28498 /* MessageUI.framework */; };
		19E364821BE6566700B28498 /* JavaScriptCore.framework in Frameworks */ = {isa = PBXBuildFile; fileRef = 19E364811BE6566700B28498 /* JavaScriptCore.framework */; };
		19E364841BE6567600B28498 /* libstdc++.tbd in Frameworks */ = {isa = PBXBuildFile; fileRef = 19E364831BE6567600B28498 /* libstdc++.tbd */; };
		19E7ED161BE8EF6F008678F1 /* CommitInfoController.m in Sources */ = {isa = PBXBuildFile; fileRef = 19E7ED151BE8EF6F008678F1 /* CommitInfoController.m */; };
		19E7ED561BE91A95008678F1 /* FontAwesome.ttf in Resources */ = {isa = PBXBuildFile; fileRef = 19E7ED401BE91A95008678F1 /* FontAwesome.ttf */; };
		19E7ED571BE91A95008678F1 /* NSString+FontAwesome.m in Sources */ = {isa = PBXBuildFile; fileRef = 19E7ED421BE91A95008678F1 /* NSString+FontAwesome.m */; };
		19E7ED581BE91A95008678F1 /* UIButton+Bootstrap.m in Sources */ = {isa = PBXBuildFile; fileRef = 19E7ED441BE91A95008678F1 /* UIButton+Bootstrap.m */; };
		19E7ED591BE91A95008678F1 /* YUDIVView.m in Sources */ = {isa = PBXBuildFile; fileRef = 19E7ED471BE91A95008678F1 /* YUDIVView.m */; };
		19E7ED5A1BE91A95008678F1 /* UIColor+YUColor.m in Sources */ = {isa = PBXBuildFile; fileRef = 19E7ED491BE91A95008678F1 /* UIColor+YUColor.m */; };
		19E7ED5B1BE91A95008678F1 /* UIView+YUStyle.m in Sources */ = {isa = PBXBuildFile; fileRef = 19E7ED4B1BE91A95008678F1 /* UIView+YUStyle.m */; };
		19E7ED5C1BE91A95008678F1 /* UIWindow+YUBottomPoper.m in Sources */ = {isa = PBXBuildFile; fileRef = 19E7ED4D1BE91A95008678F1 /* UIWindow+YUBottomPoper.m */; };
		19E7ED5D1BE91A95008678F1 /* yConst.m in Sources */ = {isa = PBXBuildFile; fileRef = 19E7ED4F1BE91A95008678F1 /* yConst.m */; };
		19E7ED5E1BE91A95008678F1 /* YUBottomPopSelctModel.m in Sources */ = {isa = PBXBuildFile; fileRef = 19E7ED511BE91A95008678F1 /* YUBottomPopSelctModel.m */; };
		19E7ED5F1BE91A95008678F1 /* YUBottomPopSelctView.m in Sources */ = {isa = PBXBuildFile; fileRef = 19E7ED531BE91A95008678F1 /* YUBottomPopSelctView.m */; };
		19E7ED601BE91A95008678F1 /* YUDarkGlassView.m in Sources */ = {isa = PBXBuildFile; fileRef = 19E7ED551BE91A95008678F1 /* YUDarkGlassView.m */; };
		19E7ED691BEA4186008678F1 /* User.m in Sources */ = {isa = PBXBuildFile; fileRef = 19E7ED681BEA4186008678F1 /* User.m */; };
		4FC0E038636E26A1B3B36AD6 /* libPods.a in Frameworks */ = {isa = PBXBuildFile; fileRef = DB9FEE2547B0179FDFE862B8 /* libPods.a */; };
/* End PBXBuildFile section */

/* Begin PBXContainerItemProxy section */
		19E0D6A51BE111CB001897F3 /* PBXContainerItemProxy */ = {
			isa = PBXContainerItemProxy;
			containerPortal = 19E0D6801BE111CA001897F3 /* Project object */;
			proxyType = 1;
			remoteGlobalIDString = 19E0D6871BE111CA001897F3;
			remoteInfo = Confidant;
		};
		19E0D6B01BE111CB001897F3 /* PBXContainerItemProxy */ = {
			isa = PBXContainerItemProxy;
			containerPortal = 19E0D6801BE111CA001897F3 /* Project object */;
			proxyType = 1;
			remoteGlobalIDString = 19E0D6871BE111CA001897F3;
			remoteInfo = Confidant;
		};
/* End PBXContainerItemProxy section */

/* Begin PBXFileReference section */
		19AED6C21BEB8CF8004BB2E3 /* NetDefine.h */ = {isa = PBXFileReference; fileEncoding = 4; lastKnownFileType = sourcecode.c.h; path = NetDefine.h; sourceTree = "<group>"; };
		19AED6C31BEB8CF8004BB2E3 /* NetSender.h */ = {isa = PBXFileReference; fileEncoding = 4; lastKnownFileType = sourcecode.c.h; path = NetSender.h; sourceTree = "<group>"; };
		19AED6C41BEB8CF8004BB2E3 /* NetSender.m */ = {isa = PBXFileReference; fileEncoding = 4; lastKnownFileType = sourcecode.c.objc; path = NetSender.m; sourceTree = "<group>"; };
		19AED6C61BEB93D3004BB2E3 /* ModelUtil.h */ = {isa = PBXFileReference; fileEncoding = 4; lastKnownFileType = sourcecode.c.h; path = ModelUtil.h; sourceTree = "<group>"; };
		19AED6C71BEB93D3004BB2E3 /* ModelUtil.m */ = {isa = PBXFileReference; fileEncoding = 4; lastKnownFileType = sourcecode.c.objc; path = ModelUtil.m; sourceTree = "<group>"; };
		19DDA40C1BE24F7200DD7661 /* RegisterController.h */ = {isa = PBXFileReference; fileEncoding = 4; lastKnownFileType = sourcecode.c.h; path = RegisterController.h; sourceTree = "<group>"; };
		19DDA40D1BE24F7200DD7661 /* RegisterController.m */ = {isa = PBXFileReference; fileEncoding = 4; lastKnownFileType = sourcecode.c.objc; path = RegisterController.m; sourceTree = "<group>"; };
		19DDDAB51BEF7C1B000319DF /* RecommondTBCell.h */ = {isa = PBXFileReference; fileEncoding = 4; lastKnownFileType = sourcecode.c.h; path = RecommondTBCell.h; sourceTree = "<group>"; };
		19DDDAB61BEF7C1B000319DF /* RecommondTBCell.m */ = {isa = PBXFileReference; fileEncoding = 4; lastKnownFileType = sourcecode.c.objc; path = RecommondTBCell.m; sourceTree = "<group>"; };
		19DDDAB81BEF7CB5000319DF /* RecommondTBCell.xib */ = {isa = PBXFileReference; fileEncoding = 4; lastKnownFileType = file.xib; name = RecommondTBCell.xib; path = ../model/RecommondTBCell.xib; sourceTree = "<group>"; };
		19DDDABB1BEFA464000319DF /* UIIamge+Circle.h */ = {isa = PBXFileReference; fileEncoding = 4; lastKnownFileType = sourcecode.c.h; path = "UIIamge+Circle.h"; sourceTree = "<group>"; };
		19DDDABC1BEFA464000319DF /* UIIamge+Circle.m */ = {isa = PBXFileReference; fileEncoding = 4; lastKnownFileType = sourcecode.c.objc; path = "UIIamge+Circle.m"; sourceTree = "<group>"; };
		19DDDABE1BEFA48C000319DF /* UINavigationBar+Awesome.h */ = {isa = PBXFileReference; fileEncoding = 4; lastKnownFileType = sourcecode.c.h; path = "UINavigationBar+Awesome.h"; sourceTree = "<group>"; };
		19DDDABF1BEFA48C000319DF /* UINavigationBar+Awesome.m */ = {isa = PBXFileReference; fileEncoding = 4; lastKnownFileType = sourcecode.c.objc; path = "UINavigationBar+Awesome.m"; sourceTree = "<group>"; };
		19DDDAC11BEFA546000319DF /* ShowUserDataController.h */ = {isa = PBXFileReference; fileEncoding = 4; lastKnownFileType = sourcecode.c.h; path = ShowUserDataController.h; sourceTree = "<group>"; };
		19DDDAC21BEFA546000319DF /* ShowUserDataController.m */ = {isa = PBXFileReference; fileEncoding = 4; lastKnownFileType = sourcecode.c.objc; path = ShowUserDataController.m; sourceTree = "<group>"; };
		19E02C251BEDE85E0042C623 /* GMDCircleLoader.h */ = {isa = PBXFileReference; fileEncoding = 4; lastKnownFileType = sourcecode.c.h; path = GMDCircleLoader.h; sourceTree = "<group>"; };
		19E02C261BEDE85E0042C623 /* GMDCircleLoader.m */ = {isa = PBXFileReference; fileEncoding = 4; lastKnownFileType = sourcecode.c.objc; path = GMDCircleLoader.m; sourceTree = "<group>"; };
		19E02C291BEDFE270042C623 /* Util.h */ = {isa = PBXFileReference; fileEncoding = 4; lastKnownFileType = sourcecode.c.h; path = Util.h; sourceTree = "<group>"; };
		19E02C2A1BEDFE270042C623 /* Util.m */ = {isa = PBXFileReference; fileEncoding = 4; lastKnownFileType = sourcecode.c.objc; path = Util.m; sourceTree = "<group>"; };
		19E0D6881BE111CA001897F3 /* Confidant.app */ = {isa = PBXFileReference; explicitFileType = wrapper.application; includeInIndex = 0; path = Confidant.app; sourceTree = BUILT_PRODUCTS_DIR; };
		19E0D68C1BE111CB001897F3 /* main.m */ = {isa = PBXFileReference; lastKnownFileType = sourcecode.c.objc; path = main.m; sourceTree = "<group>"; };
		19E0D68E1BE111CB001897F3 /* AppDelegate.h */ = {isa = PBXFileReference; lastKnownFileType = sourcecode.c.h; path = AppDelegate.h; sourceTree = "<group>"; };
		19E0D68F1BE111CB001897F3 /* AppDelegate.m */ = {isa = PBXFileReference; lastKnownFileType = sourcecode.c.objc; path = AppDelegate.m; sourceTree = "<group>"; };
		19E0D6951BE111CB001897F3 /* Base */ = {isa = PBXFileReference; lastKnownFileType = file.storyboard; name = Base; path = Base.lproj/Main.storyboard; sourceTree = "<group>"; };
		19E0D6981BE111CB001897F3 /* Confidant.xcdatamodel */ = {isa = PBXFileReference; lastKnownFileType = wrapper.xcdatamodel; path = Confidant.xcdatamodel; sourceTree = "<group>"; };
		19E0D69A1BE111CB001897F3 /* Assets.xcassets */ = {isa = PBXFileReference; lastKnownFileType = folder.assetcatalog; path = Assets.xcassets; sourceTree = "<group>"; };
		19E0D69D1BE111CB001897F3 /* Base */ = {isa = PBXFileReference; lastKnownFileType = file.storyboard; name = Base; path = Base.lproj/LaunchScreen.storyboard; sourceTree = "<group>"; };
		19E0D69F1BE111CB001897F3 /* Info.plist */ = {isa = PBXFileReference; lastKnownFileType = text.plist.xml; path = Info.plist; sourceTree = "<group>"; };
		19E0D6A41BE111CB001897F3 /* ConfidantTests.xctest */ = {isa = PBXFileReference; explicitFileType = wrapper.cfbundle; includeInIndex = 0; path = ConfidantTests.xctest; sourceTree = BUILT_PRODUCTS_DIR; };
		19E0D6A81BE111CB001897F3 /* ConfidantTests.m */ = {isa = PBXFileReference; lastKnownFileType = sourcecode.c.objc; path = ConfidantTests.m; sourceTree = "<group>"; };
		19E0D6AA1BE111CB001897F3 /* Info.plist */ = {isa = PBXFileReference; lastKnownFileType = text.plist.xml; path = Info.plist; sourceTree = "<group>"; };
		19E0D6AF1BE111CB001897F3 /* ConfidantUITests.xctest */ = {isa = PBXFileReference; explicitFileType = wrapper.cfbundle; includeInIndex = 0; path = ConfidantUITests.xctest; sourceTree = BUILT_PRODUCTS_DIR; };
		19E0D6B31BE111CB001897F3 /* ConfidantUITests.m */ = {isa = PBXFileReference; lastKnownFileType = sourcecode.c.objc; path = ConfidantUITests.m; sourceTree = "<group>"; };
		19E0D6B51BE111CB001897F3 /* Info.plist */ = {isa = PBXFileReference; lastKnownFileType = text.plist.xml; path = Info.plist; sourceTree = "<group>"; };
		19E0D6C21BE11265001897F3 /* SplashController.h */ = {isa = PBXFileReference; fileEncoding = 4; lastKnownFileType = sourcecode.c.h; path = SplashController.h; sourceTree = "<group>"; };
		19E0D6C31BE11265001897F3 /* SplashController.m */ = {isa = PBXFileReference; fileEncoding = 4; lastKnownFileType = sourcecode.c.objc; path = SplashController.m; sourceTree = "<group>"; };
		19E0D6C61BE11305001897F3 /* AMBlurView.h */ = {isa = PBXFileReference; fileEncoding = 4; lastKnownFileType = sourcecode.c.h; path = AMBlurView.h; sourceTree = "<group>"; };
		19E0D6C71BE11305001897F3 /* AMBlurView.m */ = {isa = PBXFileReference; fileEncoding = 4; lastKnownFileType = sourcecode.c.objc; path = AMBlurView.m; sourceTree = "<group>"; };
		19E0D6C81BE11305001897F3 /* MYBlurIntroductionView.h */ = {isa = PBXFileReference; fileEncoding = 4; lastKnownFileType = sourcecode.c.h; path = MYBlurIntroductionView.h; sourceTree = "<group>"; };
		19E0D6C91BE11305001897F3 /* MYBlurIntroductionView.m */ = {isa = PBXFileReference; fileEncoding = 4; lastKnownFileType = sourcecode.c.objc; path = MYBlurIntroductionView.m; sourceTree = "<group>"; };
		19E0D6CA1BE11305001897F3 /* MYIntroductionPanel.h */ = {isa = PBXFileReference; fileEncoding = 4; lastKnownFileType = sourcecode.c.h; path = MYIntroductionPanel.h; sourceTree = "<group>"; };
		19E0D6CB1BE11305001897F3 /* MYIntroductionPanel.m */ = {isa = PBXFileReference; fileEncoding = 4; lastKnownFileType = sourcecode.c.objc; path = MYIntroductionPanel.m; sourceTree = "<group>"; };
		19E0D6CF1BE11564001897F3 /* SplashItem.xib */ = {isa = PBXFileReference; fileEncoding = 4; lastKnownFileType = file.xib; path = SplashItem.xib; sourceTree = "<group>"; };
		19E0D6D11BE1183B001897F3 /* LoginController.h */ = {isa = PBXFileReference; fileEncoding = 4; lastKnownFileType = sourcecode.c.h; path = LoginController.h; sourceTree = "<group>"; };
		19E0D6D21BE1183B001897F3 /* LoginController.m */ = {isa = PBXFileReference; fileEncoding = 4; lastKnownFileType = sourcecode.c.objc; path = LoginController.m; sourceTree = "<group>"; };
		19E1696B1BE465E100947DDE /* FateController.h */ = {isa = PBXFileReference; fileEncoding = 4; lastKnownFileType = sourcecode.c.h; path = FateController.h; sourceTree = "<group>"; };
		19E1696C1BE465E100947DDE /* FateController.m */ = {isa = PBXFileReference; fileEncoding = 4; lastKnownFileType = sourcecode.c.objc; path = FateController.m; sourceTree = "<group>"; };
		19E169881BE4CFDE00947DDE /* MsgController.h */ = {isa = PBXFileReference; fileEncoding = 4; lastKnownFileType = sourcecode.c.h; path = MsgController.h; sourceTree = "<group>"; };
		19E169891BE4CFDE00947DDE /* MsgController.m */ = {isa = PBXFileReference; fileEncoding = 4; lastKnownFileType = sourcecode.c.objc; path = MsgController.m; sourceTree = "<group>"; };
		19E178001BE5275400BB5803 /* MsgTBCell.h */ = {isa = PBXFileReference; fileEncoding = 4; lastKnownFileType = sourcecode.c.h; path = MsgTBCell.h; sourceTree = "<group>"; };
		19E178011BE5275400BB5803 /* MsgTBCell.m */ = {isa = PBXFileReference; fileEncoding = 4; lastKnownFileType = sourcecode.c.objc; path = MsgTBCell.m; sourceTree = "<group>"; };
		19E178021BE5275400BB5803 /* MsgTBCell.xib */ = {isa = PBXFileReference; fileEncoding = 4; lastKnownFileType = file.xib; path = MsgTBCell.xib; sourceTree = "<group>"; };
		19E3646C1BE619C900B28498 /* ChatListViewController.h */ = {isa = PBXFileReference; fileEncoding = 4; lastKnownFileType = sourcecode.c.h; path = ChatListViewController.h; sourceTree = "<group>"; };
		19E3646D1BE619C900B28498 /* ChatListViewController.m */ = {isa = PBXFileReference; fileEncoding = 4; lastKnownFileType = sourcecode.c.objc; path = ChatListViewController.m; sourceTree = "<group>"; };
		19E364711BE6551C00B28498 /* en */ = {isa = PBXFileReference; lastKnownFileType = text.plist.strings; name = en; path = SMS_SDKLocalizable.strings; sourceTree = "<group>"; };
		19E364721BE6551C00B28498 /* MOBFoundation.framework */ = {isa = PBXFileReference; lastKnownFileType = wrapper.framework; path = MOBFoundation.framework; sourceTree = "<group>"; };
		19E364731BE6551C00B28498 /* SMS_SDK.framework */ = {isa = PBXFileReference; lastKnownFileType = wrapper.framework; path = SMS_SDK.framework; sourceTree = "<group>"; };
		19E364761BE6551C00B28498 /* zh-Hans */ = {isa = PBXFileReference; lastKnownFileType = text.plist.strings; name = "zh-Hans"; path = SMS_SDKLocalizable.strings; sourceTree = "<group>"; };
		19E3647B1BE6563B00B28498 /* libicucore.tbd */ = {isa = PBXFileReference; lastKnownFileType = "sourcecode.text-based-dylib-definition"; name = libicucore.tbd; path = usr/lib/libicucore.tbd; sourceTree = SDKROOT; };
		19E3647D1BE6565000B28498 /* libz.tbd */ = {isa = PBXFileReference; lastKnownFileType = "sourcecode.text-based-dylib-definition"; name = libz.tbd; path = usr/lib/libz.tbd; sourceTree = SDKROOT; };
		19E3647F1BE6565C00B28498 /* MessageUI.framework */ = {isa = PBXFileReference; lastKnownFileType = wrapper.framework; name = MessageUI.framework; path = System/Library/Frameworks/MessageUI.framework; sourceTree = SDKROOT; };
		19E364811BE6566700B28498 /* JavaScriptCore.framework */ = {isa = PBXFileReference; lastKnownFileType = wrapper.framework; name = JavaScriptCore.framework; path = System/Library/Frameworks/JavaScriptCore.framework; sourceTree = SDKROOT; };
		19E364831BE6567600B28498 /* libstdc++.tbd */ = {isa = PBXFileReference; lastKnownFileType = "sourcecode.text-based-dylib-definition"; name = "libstdc++.tbd"; path = "usr/lib/libstdc++.tbd"; sourceTree = SDKROOT; };
		19E364851BE6577900B28498 /* Constans.h */ = {isa = PBXFileReference; lastKnownFileType = sourcecode.c.h; path = Constans.h; sourceTree = "<group>"; };
		19E7ED141BE8EF6F008678F1 /* CommitInfoController.h */ = {isa = PBXFileReference; fileEncoding = 4; lastKnownFileType = sourcecode.c.h; path = CommitInfoController.h; sourceTree = "<group>"; };
		19E7ED151BE8EF6F008678F1 /* CommitInfoController.m */ = {isa = PBXFileReference; fileEncoding = 4; lastKnownFileType = sourcecode.c.objc; path = CommitInfoController.m; sourceTree = "<group>"; };
		19E7ED401BE91A95008678F1 /* FontAwesome.ttf */ = {isa = PBXFileReference; lastKnownFileType = file; path = FontAwesome.ttf; sourceTree = "<group>"; };
		19E7ED411BE91A95008678F1 /* NSString+FontAwesome.h */ = {isa = PBXFileReference; fileEncoding = 4; lastKnownFileType = sourcecode.c.h; path = "NSString+FontAwesome.h"; sourceTree = "<group>"; };
		19E7ED421BE91A95008678F1 /* NSString+FontAwesome.m */ = {isa = PBXFileReference; fileEncoding = 4; lastKnownFileType = sourcecode.c.objc; path = "NSString+FontAwesome.m"; sourceTree = "<group>"; };
		19E7ED431BE91A95008678F1 /* UIButton+Bootstrap.h */ = {isa = PBXFileReference; fileEncoding = 4; lastKnownFileType = sourcecode.c.h; path = "UIButton+Bootstrap.h"; sourceTree = "<group>"; };
		19E7ED441BE91A95008678F1 /* UIButton+Bootstrap.m */ = {isa = PBXFileReference; fileEncoding = 4; lastKnownFileType = sourcecode.c.objc; path = "UIButton+Bootstrap.m"; sourceTree = "<group>"; };
		19E7ED461BE91A95008678F1 /* YUDIVView.h */ = {isa = PBXFileReference; fileEncoding = 4; lastKnownFileType = sourcecode.c.h; path = YUDIVView.h; sourceTree = "<group>"; };
		19E7ED471BE91A95008678F1 /* YUDIVView.m */ = {isa = PBXFileReference; fileEncoding = 4; lastKnownFileType = sourcecode.c.objc; path = YUDIVView.m; sourceTree = "<group>"; };
		19E7ED481BE91A95008678F1 /* UIColor+YUColor.h */ = {isa = PBXFileReference; fileEncoding = 4; lastKnownFileType = sourcecode.c.h; path = "UIColor+YUColor.h"; sourceTree = "<group>"; };
		19E7ED491BE91A95008678F1 /* UIColor+YUColor.m */ = {isa = PBXFileReference; fileEncoding = 4; lastKnownFileType = sourcecode.c.objc; path = "UIColor+YUColor.m"; sourceTree = "<group>"; };
		19E7ED4A1BE91A95008678F1 /* UIView+YUStyle.h */ = {isa = PBXFileReference; fileEncoding = 4; lastKnownFileType = sourcecode.c.h; path = "UIView+YUStyle.h"; sourceTree = "<group>"; };
		19E7ED4B1BE91A95008678F1 /* UIView+YUStyle.m */ = {isa = PBXFileReference; fileEncoding = 4; lastKnownFileType = sourcecode.c.objc; path = "UIView+YUStyle.m"; sourceTree = "<group>"; };
		19E7ED4C1BE91A95008678F1 /* UIWindow+YUBottomPoper.h */ = {isa = PBXFileReference; fileEncoding = 4; lastKnownFileType = sourcecode.c.h; path = "UIWindow+YUBottomPoper.h"; sourceTree = "<group>"; };
		19E7ED4D1BE91A95008678F1 /* UIWindow+YUBottomPoper.m */ = {isa = PBXFileReference; fileEncoding = 4; lastKnownFileType = sourcecode.c.objc; path = "UIWindow+YUBottomPoper.m"; sourceTree = "<group>"; };
		19E7ED4E1BE91A95008678F1 /* yConst.h */ = {isa = PBXFileReference; fileEncoding = 4; lastKnownFileType = sourcecode.c.h; path = yConst.h; sourceTree = "<group>"; };
		19E7ED4F1BE91A95008678F1 /* yConst.m */ = {isa = PBXFileReference; fileEncoding = 4; lastKnownFileType = sourcecode.c.objc; path = yConst.m; sourceTree = "<group>"; };
		19E7ED501BE91A95008678F1 /* YUBottomPopSelctModel.h */ = {isa = PBXFileReference; fileEncoding = 4; lastKnownFileType = sourcecode.c.h; path = YUBottomPopSelctModel.h; sourceTree = "<group>"; };
		19E7ED511BE91A95008678F1 /* YUBottomPopSelctModel.m */ = {isa = PBXFileReference; fileEncoding = 4; lastKnownFileType = sourcecode.c.objc; path = YUBottomPopSelctModel.m; sourceTree = "<group>"; };
		19E7ED521BE91A95008678F1 /* YUBottomPopSelctView.h */ = {isa = PBXFileReference; fileEncoding = 4; lastKnownFileType = sourcecode.c.h; path = YUBottomPopSelctView.h; sourceTree = "<group>"; };
		19E7ED531BE91A95008678F1 /* YUBottomPopSelctView.m */ = {isa = PBXFileReference; fileEncoding = 4; lastKnownFileType = sourcecode.c.objc; path = YUBottomPopSelctView.m; sourceTree = "<group>"; };
		19E7ED541BE91A95008678F1 /* YUDarkGlassView.h */ = {isa = PBXFileReference; fileEncoding = 4; lastKnownFileType = sourcecode.c.h; path = YUDarkGlassView.h; sourceTree = "<group>"; };
		19E7ED551BE91A95008678F1 /* YUDarkGlassView.m */ = {isa = PBXFileReference; fileEncoding = 4; lastKnownFileType = sourcecode.c.objc; path = YUDarkGlassView.m; sourceTree = "<group>"; };
		19E7ED681BEA4186008678F1 /* User.m */ = {isa = PBXFileReference; fileEncoding = 4; lastKnownFileType = sourcecode.c.objc; path = User.m; sourceTree = "<group>"; };
		19E7ED6A1BEA41AC008678F1 /* User.h */ = {isa = PBXFileReference; lastKnownFileType = sourcecode.c.h; path = User.h; sourceTree = "<group>"; };
		947AC7FE85E74F57B83B6081 /* Pods.release.xcconfig */ = {isa = PBXFileReference; includeInIndex = 1; lastKnownFileType = text.xcconfig; name = Pods.release.xcconfig; path = "Pods/Target Support Files/Pods/Pods.release.xcconfig"; sourceTree = "<group>"; };
		9FEB77E86DAFD21DEE111BFA /* Pods.debug.xcconfig */ = {isa = PBXFileReference; includeInIndex = 1; lastKnownFileType = text.xcconfig; name = Pods.debug.xcconfig; path = "Pods/Target Support Files/Pods/Pods.debug.xcconfig"; sourceTree = "<group>"; };
		DB9FEE2547B0179FDFE862B8 /* libPods.a */ = {isa = PBXFileReference; explicitFileType = archive.ar; includeInIndex = 0; path = libPods.a; sourceTree = BUILT_PRODUCTS_DIR; };
/* End PBXFileReference section */

/* Begin PBXFrameworksBuildPhase section */
		19E0D6851BE111CA001897F3 /* Frameworks */ = {
			isa = PBXFrameworksBuildPhase;
			buildActionMask = 2147483647;
			files = (
				19E364841BE6567600B28498 /* libstdc++.tbd in Frameworks */,
				19E364821BE6566700B28498 /* JavaScriptCore.framework in Frameworks */,
				19E364801BE6565C00B28498 /* MessageUI.framework in Frameworks */,
				19E3647E1BE6565000B28498 /* libz.tbd in Frameworks */,
				19E3647C1BE6563B00B28498 /* libicucore.tbd in Frameworks */,
				19E364791BE6551C00B28498 /* SMS_SDK.framework in Frameworks */,
				19E364781BE6551C00B28498 /* MOBFoundation.framework in Frameworks */,
				4FC0E038636E26A1B3B36AD6 /* libPods.a in Frameworks */,
			);
			runOnlyForDeploymentPostprocessing = 0;
		};
		19E0D6A11BE111CB001897F3 /* Frameworks */ = {
			isa = PBXFrameworksBuildPhase;
			buildActionMask = 2147483647;
			files = (
			);
			runOnlyForDeploymentPostprocessing = 0;
		};
		19E0D6AC1BE111CB001897F3 /* Frameworks */ = {
			isa = PBXFrameworksBuildPhase;
			buildActionMask = 2147483647;
			files = (
			);
			runOnlyForDeploymentPostprocessing = 0;
		};
/* End PBXFrameworksBuildPhase section */

/* Begin PBXGroup section */
		19AED6C11BEB8CF8004BB2E3 /* Net */ = {
			isa = PBXGroup;
			children = (
				19AED6C21BEB8CF8004BB2E3 /* NetDefine.h */,
				19AED6C31BEB8CF8004BB2E3 /* NetSender.h */,
				19AED6C41BEB8CF8004BB2E3 /* NetSender.m */,
			);
			path = Net;
			sourceTree = "<group>";
		};
		19DDDABA1BEFA41B000319DF /* Category */ = {
			isa = PBXGroup;
			children = (
				19DDDABB1BEFA464000319DF /* UIIamge+Circle.h */,
				19DDDABE1BEFA48C000319DF /* UINavigationBar+Awesome.h */,
				19DDDABF1BEFA48C000319DF /* UINavigationBar+Awesome.m */,
				19DDDABC1BEFA464000319DF /* UIIamge+Circle.m */,
			);
			path = Category;
			sourceTree = "<group>";
		};
		19E02C241BEDE85E0042C623 /* GMDCircleLoader */ = {
			isa = PBXGroup;
			children = (
				19E02C251BEDE85E0042C623 /* GMDCircleLoader.h */,
				19E02C261BEDE85E0042C623 /* GMDCircleLoader.m */,
			);
			path = GMDCircleLoader;
			sourceTree = "<group>";
		};
		19E02C281BEDFE0D0042C623 /* Util */ = {
			isa = PBXGroup;
			children = (
				19E02C291BEDFE270042C623 /* Util.h */,
				19E02C2A1BEDFE270042C623 /* Util.m */,
			);
			path = Util;
			sourceTree = "<group>";
		};
		19E0D67F1BE111CA001897F3 = {
			isa = PBXGroup;
			children = (
				19E02C241BEDE85E0042C623 /* GMDCircleLoader */,
				19E7ED3E1BE91A95008678F1 /* YUScreentPoper */,
				19E0D6C51BE11305001897F3 /* MYBlurIntroductionView */,
				19E0D68A1BE111CB001897F3 /* Confidant */,
				19E0D6A71BE111CB001897F3 /* ConfidantTests */,
				19E0D6B21BE111CB001897F3 /* ConfidantUITests */,
				19E0D6891BE111CB001897F3 /* Products */,
				A46B45D09D55C4FC73DF8163 /* Pods */,
				E4499DBF66441934385D8CAD /* Frameworks */,
			);
			sourceTree = "<group>";
		};
		19E0D6891BE111CB001897F3 /* Products */ = {
			isa = PBXGroup;
			children = (
				19E0D6881BE111CA001897F3 /* Confidant.app */,
				19E0D6A41BE111CB001897F3 /* ConfidantTests.xctest */,
				19E0D6AF1BE111CB001897F3 /* ConfidantUITests.xctest */,
			);
			name = Products;
			sourceTree = "<group>";
		};
		19E0D68A1BE111CB001897F3 /* Confidant */ = {
			isa = PBXGroup;
			children = (
				19DDDABA1BEFA41B000319DF /* Category */,
				19E02C281BEDFE0D0042C623 /* Util */,
				19E7ED641BEA410D008678F1 /* model */,
				19E177FF1BE5275400BB5803 /* CustomView */,
				19E0D6C11BE11265001897F3 /* Controller */,
				19E0D68E1BE111CB001897F3 /* AppDelegate.h */,
				19E0D68F1BE111CB001897F3 /* AppDelegate.m */,
				19AED6C11BEB8CF8004BB2E3 /* Net */,
				19E0D6941BE111CB001897F3 /* Main.storyboard */,
				19E0D69A1BE111CB001897F3 /* Assets.xcassets */,
				19E0D6CF1BE11564001897F3 /* SplashItem.xib */,
				19E0D69C1BE111CB001897F3 /* LaunchScreen.storyboard */,
				19E0D69F1BE111CB001897F3 /* Info.plist */,
				19E0D6971BE111CB001897F3 /* Confidant.xcdatamodeld */,
				19E0D68B1BE111CB001897F3 /* Supporting Files */,
				19E364851BE6577900B28498 /* Constans.h */,
			);
			path = Confidant;
			sourceTree = "<group>";
		};
		19E0D68B1BE111CB001897F3 /* Supporting Files */ = {
			isa = PBXGroup;
			children = (
				19E0D68C1BE111CB001897F3 /* main.m */,
			);
			name = "Supporting Files";
			sourceTree = "<group>";
		};
		19E0D6A71BE111CB001897F3 /* ConfidantTests */ = {
			isa = PBXGroup;
			children = (
				19E0D6A81BE111CB001897F3 /* ConfidantTests.m */,
				19E0D6AA1BE111CB001897F3 /* Info.plist */,
			);
			path = ConfidantTests;
			sourceTree = "<group>";
		};
		19E0D6B21BE111CB001897F3 /* ConfidantUITests */ = {
			isa = PBXGroup;
			children = (
				19E0D6B31BE111CB001897F3 /* ConfidantUITests.m */,
				19E0D6B51BE111CB001897F3 /* Info.plist */,
			);
			path = ConfidantUITests;
			sourceTree = "<group>";
		};
		19E0D6C11BE11265001897F3 /* Controller */ = {
			isa = PBXGroup;
			children = (
				19E0D6C21BE11265001897F3 /* SplashController.h */,
				19E0D6C31BE11265001897F3 /* SplashController.m */,
				19E0D6D11BE1183B001897F3 /* LoginController.h */,
				19E0D6D21BE1183B001897F3 /* LoginController.m */,
				19E3646C1BE619C900B28498 /* ChatListViewController.h */,
				19E3646D1BE619C900B28498 /* ChatListViewController.m */,
				19DDA40C1BE24F7200DD7661 /* RegisterController.h */,
				19DDA40D1BE24F7200DD7661 /* RegisterController.m */,
				19E1696B1BE465E100947DDE /* FateController.h */,
				19E1696C1BE465E100947DDE /* FateController.m */,
				19E169881BE4CFDE00947DDE /* MsgController.h */,
				19E169891BE4CFDE00947DDE /* MsgController.m */,
				19E7ED141BE8EF6F008678F1 /* CommitInfoController.h */,
				19E7ED151BE8EF6F008678F1 /* CommitInfoController.m */,
				19DDDAC11BEFA546000319DF /* ShowUserDataController.h */,
				19DDDAC21BEFA546000319DF /* ShowUserDataController.m */,
			);
			path = Controller;
			sourceTree = "<group>";
		};
		19E0D6C51BE11305001897F3 /* MYBlurIntroductionView */ = {
			isa = PBXGroup;
			children = (
				19E0D6C61BE11305001897F3 /* AMBlurView.h */,
				19E0D6C71BE11305001897F3 /* AMBlurView.m */,
				19E0D6C81BE11305001897F3 /* MYBlurIntroductionView.h */,
				19E0D6C91BE11305001897F3 /* MYBlurIntroductionView.m */,
				19E0D6CA1BE11305001897F3 /* MYIntroductionPanel.h */,
				19E0D6CB1BE11305001897F3 /* MYIntroductionPanel.m */,
			);
			path = MYBlurIntroductionView;
			sourceTree = "<group>";
		};
		19E177FF1BE5275400BB5803 /* CustomView */ = {
			isa = PBXGroup;
			children = (
				19DDDAB81BEF7CB5000319DF /* RecommondTBCell.xib */,
				19E178001BE5275400BB5803 /* MsgTBCell.h */,
				19E178011BE5275400BB5803 /* MsgTBCell.m */,
				19E178021BE5275400BB5803 /* MsgTBCell.xib */,
				19DDDAB51BEF7C1B000319DF /* RecommondTBCell.h */,
				19DDDAB61BEF7C1B000319DF /* RecommondTBCell.m */,
			);
			path = CustomView;
			sourceTree = "<group>";
		};
		19E3646F1BE6551C00B28498 /* en.lproj */ = {
			isa = PBXGroup;
			children = (
				19E364701BE6551C00B28498 /* SMS_SDKLocalizable.strings */,
			);
			path = en.lproj;
			sourceTree = "<group>";
		};
		19E364741BE6551C00B28498 /* zh-Hans.lproj */ = {
			isa = PBXGroup;
			children = (
				19E364751BE6551C00B28498 /* SMS_SDKLocalizable.strings */,
			);
			path = "zh-Hans.lproj";
			sourceTree = "<group>";
		};
		19E7ED3E1BE91A95008678F1 /* YUScreentPoper */ = {
			isa = PBXGroup;
			children = (
				19E7ED3F1BE91A95008678F1 /* Button */,
				19E7ED451BE91A95008678F1 /* DIVVIEW */,
				19E7ED481BE91A95008678F1 /* UIColor+YUColor.h */,
				19E7ED491BE91A95008678F1 /* UIColor+YUColor.m */,
				19E7ED4A1BE91A95008678F1 /* UIView+YUStyle.h */,
				19E7ED4B1BE91A95008678F1 /* UIView+YUStyle.m */,
				19E7ED4C1BE91A95008678F1 /* UIWindow+YUBottomPoper.h */,
				19E7ED4D1BE91A95008678F1 /* UIWindow+YUBottomPoper.m */,
				19E7ED4E1BE91A95008678F1 /* yConst.h */,
				19E7ED4F1BE91A95008678F1 /* yConst.m */,
				19E7ED501BE91A95008678F1 /* YUBottomPopSelctModel.h */,
				19E7ED511BE91A95008678F1 /* YUBottomPopSelctModel.m */,
				19E7ED521BE91A95008678F1 /* YUBottomPopSelctView.h */,
				19E7ED531BE91A95008678F1 /* YUBottomPopSelctView.m */,
				19E7ED541BE91A95008678F1 /* YUDarkGlassView.h */,
				19E7ED551BE91A95008678F1 /* YUDarkGlassView.m */,
			);
			path = YUScreentPoper;
			sourceTree = "<group>";
		};
		19E7ED3F1BE91A95008678F1 /* Button */ = {
			isa = PBXGroup;
			children = (
				19E7ED401BE91A95008678F1 /* FontAwesome.ttf */,
				19E7ED411BE91A95008678F1 /* NSString+FontAwesome.h */,
				19E7ED421BE91A95008678F1 /* NSString+FontAwesome.m */,
				19E7ED431BE91A95008678F1 /* UIButton+Bootstrap.h */,
				19E7ED441BE91A95008678F1 /* UIButton+Bootstrap.m */,
			);
			path = Button;
			sourceTree = "<group>";
		};
		19E7ED451BE91A95008678F1 /* DIVVIEW */ = {
			isa = PBXGroup;
			children = (
				19E7ED461BE91A95008678F1 /* YUDIVView.h */,
				19E7ED471BE91A95008678F1 /* YUDIVView.m */,
			);
			path = DIVVIEW;
			sourceTree = "<group>";
		};
		19E7ED641BEA410D008678F1 /* model */ = {
			isa = PBXGroup;
			children = (
				19E7ED681BEA4186008678F1 /* User.m */,
				19E7ED6A1BEA41AC008678F1 /* User.h */,
				19AED6C61BEB93D3004BB2E3 /* ModelUtil.h */,
				19AED6C71BEB93D3004BB2E3 /* ModelUtil.m */,
			);
			path = model;
			sourceTree = "<group>";
		};
		A46B45D09D55C4FC73DF8163 /* Pods */ = {
			isa = PBXGroup;
			children = (
				9FEB77E86DAFD21DEE111BFA /* Pods.debug.xcconfig */,
				947AC7FE85E74F57B83B6081 /* Pods.release.xcconfig */,
			);
			name = Pods;
			sourceTree = "<group>";
		};
		E4499DBF66441934385D8CAD /* Frameworks */ = {
			isa = PBXGroup;
			children = (
				19E364831BE6567600B28498 /* libstdc++.tbd */,
				19E364811BE6566700B28498 /* JavaScriptCore.framework */,
				19E3647F1BE6565C00B28498 /* MessageUI.framework */,
				19E3647D1BE6565000B28498 /* libz.tbd */,
				19E3647B1BE6563B00B28498 /* libicucore.tbd */,
				19E3646F1BE6551C00B28498 /* en.lproj */,
				19E364721BE6551C00B28498 /* MOBFoundation.framework */,
				19E364731BE6551C00B28498 /* SMS_SDK.framework */,
				19E364741BE6551C00B28498 /* zh-Hans.lproj */,
				DB9FEE2547B0179FDFE862B8 /* libPods.a */,
			);
			name = Frameworks;
			sourceTree = "<group>";
		};
/* End PBXGroup section */

/* Begin PBXNativeTarget section */
		19E0D6871BE111CA001897F3 /* Confidant */ = {
			isa = PBXNativeTarget;
			buildConfigurationList = 19E0D6B81BE111CB001897F3 /* Build configuration list for PBXNativeTarget "Confidant" */;
			buildPhases = (
				2CEB9172146B053C353F114A /* Check Pods Manifest.lock */,
				19E0D6841BE111CA001897F3 /* Sources */,
				19E0D6851BE111CA001897F3 /* Frameworks */,
				19E0D6861BE111CA001897F3 /* Resources */,
				40C5F983F645E4969B0EDEA1 /* Copy Pods Resources */,
			);
			buildRules = (
			);
			dependencies = (
			);
			name = Confidant;
			productName = Confidant;
			productReference = 19E0D6881BE111CA001897F3 /* Confidant.app */;
			productType = "com.apple.product-type.application";
		};
		19E0D6A31BE111CB001897F3 /* ConfidantTests */ = {
			isa = PBXNativeTarget;
			buildConfigurationList = 19E0D6BB1BE111CB001897F3 /* Build configuration list for PBXNativeTarget "ConfidantTests" */;
			buildPhases = (
				19E0D6A01BE111CB001897F3 /* Sources */,
				19E0D6A11BE111CB001897F3 /* Frameworks */,
				19E0D6A21BE111CB001897F3 /* Resources */,
			);
			buildRules = (
			);
			dependencies = (
				19E0D6A61BE111CB001897F3 /* PBXTargetDependency */,
			);
			name = ConfidantTests;
			productName = ConfidantTests;
			productReference = 19E0D6A41BE111CB001897F3 /* ConfidantTests.xctest */;
			productType = "com.apple.product-type.bundle.unit-test";
		};
		19E0D6AE1BE111CB001897F3 /* ConfidantUITests */ = {
			isa = PBXNativeTarget;
			buildConfigurationList = 19E0D6BE1BE111CB001897F3 /* Build configuration list for PBXNativeTarget "ConfidantUITests" */;
			buildPhases = (
				19E0D6AB1BE111CB001897F3 /* Sources */,
				19E0D6AC1BE111CB001897F3 /* Frameworks */,
				19E0D6AD1BE111CB001897F3 /* Resources */,
			);
			buildRules = (
			);
			dependencies = (
				19E0D6B11BE111CB001897F3 /* PBXTargetDependency */,
			);
			name = ConfidantUITests;
			productName = ConfidantUITests;
			productReference = 19E0D6AF1BE111CB001897F3 /* ConfidantUITests.xctest */;
			productType = "com.apple.product-type.bundle.ui-testing";
		};
/* End PBXNativeTarget section */

/* Begin PBXProject section */
		19E0D6801BE111CA001897F3 /* Project object */ = {
			isa = PBXProject;
			attributes = {
				LastUpgradeCheck = 0710;
				ORGANIZATIONNAME = Eavawu;
				TargetAttributes = {
					19E0D6871BE111CA001897F3 = {
						CreatedOnToolsVersion = 7.1;
						DevelopmentTeam = 5L3GGKRG45;
					};
					19E0D6A31BE111CB001897F3 = {
						CreatedOnToolsVersion = 7.1;
						DevelopmentTeam = 5L3GGKRG45;
						TestTargetID = 19E0D6871BE111CA001897F3;
					};
					19E0D6AE1BE111CB001897F3 = {
						CreatedOnToolsVersion = 7.1;
						DevelopmentTeam = 5L3GGKRG45;
						TestTargetID = 19E0D6871BE111CA001897F3;
					};
				};
			};
			buildConfigurationList = 19E0D6831BE111CA001897F3 /* Build configuration list for PBXProject "Confidant" */;
			compatibilityVersion = "Xcode 3.2";
			developmentRegion = English;
			hasScannedForEncodings = 0;
			knownRegions = (
				en,
				Base,
				"zh-Hans",
			);
			mainGroup = 19E0D67F1BE111CA001897F3;
			productRefGroup = 19E0D6891BE111CB001897F3 /* Products */;
			projectDirPath = "";
			projectRoot = "";
			targets = (
				19E0D6871BE111CA001897F3 /* Confidant */,
				19E0D6A31BE111CB001897F3 /* ConfidantTests */,
				19E0D6AE1BE111CB001897F3 /* ConfidantUITests */,
			);
		};
/* End PBXProject section */

/* Begin PBXResourcesBuildPhase section */
		19E0D6861BE111CA001897F3 /* Resources */ = {
			isa = PBXResourcesBuildPhase;
			buildActionMask = 2147483647;
			files = (
				19E178041BE5275400BB5803 /* MsgTBCell.xib in Resources */,
				19E3647A1BE6551C00B28498 /* SMS_SDKLocalizable.strings in Resources */,
				19E0D69E1BE111CB001897F3 /* LaunchScreen.storyboard in Resources */,
				19DDDAB91BEF7CB5000319DF /* RecommondTBCell.xib in Resources */,
				19E7ED561BE91A95008678F1 /* FontAwesome.ttf in Resources */,
				19E0D6D01BE11564001897F3 /* SplashItem.xib in Resources */,
				19E0D69B1BE111CB001897F3 /* Assets.xcassets in Resources */,
				19E364771BE6551C00B28498 /* SMS_SDKLocalizable.strings in Resources */,
				19E0D6961BE111CB001897F3 /* Main.storyboard in Resources */,
			);
			runOnlyForDeploymentPostprocessing = 0;
		};
		19E0D6A21BE111CB001897F3 /* Resources */ = {
			isa = PBXResourcesBuildPhase;
			buildActionMask = 2147483647;
			files = (
			);
			runOnlyForDeploymentPostprocessing = 0;
		};
		19E0D6AD1BE111CB001897F3 /* Resources */ = {
			isa = PBXResourcesBuildPhase;
			buildActionMask = 2147483647;
			files = (
			);
			runOnlyForDeploymentPostprocessing = 0;
		};
/* End PBXResourcesBuildPhase section */

/* Begin PBXShellScriptBuildPhase section */
		2CEB9172146B053C353F114A /* Check Pods Manifest.lock */ = {
			isa = PBXShellScriptBuildPhase;
			buildActionMask = 2147483647;
			files = (
			);
			inputPaths = (
			);
			name = "Check Pods Manifest.lock";
			outputPaths = (
			);
			runOnlyForDeploymentPostprocessing = 0;
			shellPath = /bin/sh;
			shellScript = "diff \"${PODS_ROOT}/../Podfile.lock\" \"${PODS_ROOT}/Manifest.lock\" > /dev/null\nif [[ $? != 0 ]] ; then\n    cat << EOM\nerror: The sandbox is not in sync with the Podfile.lock. Run 'pod install' or update your CocoaPods installation.\nEOM\n    exit 1\nfi\n";
			showEnvVarsInLog = 0;
		};
		40C5F983F645E4969B0EDEA1 /* Copy Pods Resources */ = {
			isa = PBXShellScriptBuildPhase;
			buildActionMask = 2147483647;
			files = (
			);
			inputPaths = (
			);
			name = "Copy Pods Resources";
			outputPaths = (
			);
			runOnlyForDeploymentPostprocessing = 0;
			shellPath = /bin/sh;
			shellScript = "\"${SRCROOT}/Pods/Target Support Files/Pods/Pods-resources.sh\"\n";
			showEnvVarsInLog = 0;
		};
/* End PBXShellScriptBuildPhase section */

/* Begin PBXSourcesBuildPhase section */
		19E0D6841BE111CA001897F3 /* Sources */ = {
			isa = PBXSourcesBuildPhase;
			buildActionMask = 2147483647;
			files = (
				19E7ED691BEA4186008678F1 /* User.m in Sources */,
				19E1698A1BE4CFDE00947DDE /* MsgController.m in Sources */,
				19DDDABD1BEFA464000319DF /* UIIamge+Circle.m in Sources */,
				19E7ED601BE91A95008678F1 /* YUDarkGlassView.m in Sources */,
				19E7ED5A1BE91A95008678F1 /* UIColor+YUColor.m in Sources */,
				19E0D6C41BE11265001897F3 /* SplashController.m in Sources */,
				19E02C2B1BEDFE270042C623 /* Util.m in Sources */,
				19E02C271BEDE85E0042C623 /* GMDCircleLoader.m in Sources */,
				19E1696D1BE465E100947DDE /* FateController.m in Sources */,
				19AED6C51BEB8CF8004BB2E3 /* NetSender.m in Sources */,
				19E178031BE5275400BB5803 /* MsgTBCell.m in Sources */,
				19E7ED581BE91A95008678F1 /* UIButton+Bootstrap.m in Sources */,
				19E7ED161BE8EF6F008678F1 /* CommitInfoController.m in Sources */,
				19E7ED591BE91A95008678F1 /* YUDIVView.m in Sources */,
				19E0D6D31BE1183B001897F3 /* LoginController.m in Sources */,
				19E7ED5F1BE91A95008678F1 /* YUBottomPopSelctView.m in Sources */,
				19DDDAB71BEF7C1B000319DF /* RecommondTBCell.m in Sources */,
				19E0D6CD1BE11305001897F3 /* MYBlurIntroductionView.m in Sources */,
				19E7ED5E1BE91A95008678F1 /* YUBottomPopSelctModel.m in Sources */,
				19DDDAC01BEFA48C000319DF /* UINavigationBar+Awesome.m in Sources */,
				19E7ED5B1BE91A95008678F1 /* UIView+YUStyle.m in Sources */,
				19DDDAC31BEFA546000319DF /* ShowUserDataController.m in Sources */,
				19E7ED5C1BE91A95008678F1 /* UIWindow+YUBottomPoper.m in Sources */,
				19E0D6991BE111CB001897F3 /* Confidant.xcdatamodeld in Sources */,
				19E0D6901BE111CB001897F3 /* AppDelegate.m in Sources */,
				19AED6C81BEB93D3004BB2E3 /* ModelUtil.m in Sources */,
				19DDA40E1BE24F7200DD7661 /* RegisterController.m in Sources */,
				19E0D6CE1BE11305001897F3 /* MYIntroductionPanel.m in Sources */,
				19E7ED5D1BE91A95008678F1 /* yConst.m in Sources */,
				19E7ED571BE91A95008678F1 /* NSString+FontAwesome.m in Sources */,
				19E0D68D1BE111CB001897F3 /* main.m in Sources */,
				19E0D6CC1BE11305001897F3 /* AMBlurView.m in Sources */,
				19E3646E1BE619C900B28498 /* ChatListViewController.m in Sources */,
			);
			runOnlyForDeploymentPostprocessing = 0;
		};
		19E0D6A01BE111CB001897F3 /* Sources */ = {
			isa = PBXSourcesBuildPhase;
			buildActionMask = 2147483647;
			files = (
				19E0D6A91BE111CB001897F3 /* ConfidantTests.m in Sources */,
			);
			runOnlyForDeploymentPostprocessing = 0;
		};
		19E0D6AB1BE111CB001897F3 /* Sources */ = {
			isa = PBXSourcesBuildPhase;
			buildActionMask = 2147483647;
			files = (
				19E0D6B41BE111CB001897F3 /* ConfidantUITests.m in Sources */,
			);
			runOnlyForDeploymentPostprocessing = 0;
		};
/* End PBXSourcesBuildPhase section */

/* Begin PBXTargetDependency section */
		19E0D6A61BE111CB001897F3 /* PBXTargetDependency */ = {
			isa = PBXTargetDependency;
			target = 19E0D6871BE111CA001897F3 /* Confidant */;
			targetProxy = 19E0D6A51BE111CB001897F3 /* PBXContainerItemProxy */;
		};
		19E0D6B11BE111CB001897F3 /* PBXTargetDependency */ = {
			isa = PBXTargetDependency;
			target = 19E0D6871BE111CA001897F3 /* Confidant */;
			targetProxy = 19E0D6B01BE111CB001897F3 /* PBXContainerItemProxy */;
		};
/* End PBXTargetDependency section */

/* Begin PBXVariantGroup section */
		19E0D6941BE111CB001897F3 /* Main.storyboard */ = {
			isa = PBXVariantGroup;
			children = (
				19E0D6951BE111CB001897F3 /* Base */,
			);
			name = Main.storyboard;
			sourceTree = "<group>";
		};
		19E0D69C1BE111CB001897F3 /* LaunchScreen.storyboard */ = {
			isa = PBXVariantGroup;
			children = (
				19E0D69D1BE111CB001897F3 /* Base */,
			);
			name = LaunchScreen.storyboard;
			sourceTree = "<group>";
		};
		19E364701BE6551C00B28498 /* SMS_SDKLocalizable.strings */ = {
			isa = PBXVariantGroup;
			children = (
				19E364711BE6551C00B28498 /* en */,
			);
			name = SMS_SDKLocalizable.strings;
			sourceTree = "<group>";
		};
		19E364751BE6551C00B28498 /* SMS_SDKLocalizable.strings */ = {
			isa = PBXVariantGroup;
			children = (
				19E364761BE6551C00B28498 /* zh-Hans */,
			);
			name = SMS_SDKLocalizable.strings;
			sourceTree = "<group>";
		};
/* End PBXVariantGroup section */

/* Begin XCBuildConfiguration section */
		19E0D6B61BE111CB001897F3 /* Debug */ = {
			isa = XCBuildConfiguration;
			buildSettings = {
				ALWAYS_SEARCH_USER_PATHS = NO;
				CLANG_CXX_LANGUAGE_STANDARD = "gnu++0x";
				CLANG_CXX_LIBRARY = "libc++";
				CLANG_ENABLE_MODULES = YES;
				CLANG_ENABLE_OBJC_ARC = YES;
				CLANG_WARN_BOOL_CONVERSION = YES;
				CLANG_WARN_CONSTANT_CONVERSION = YES;
				CLANG_WARN_DIRECT_OBJC_ISA_USAGE = YES_ERROR;
				CLANG_WARN_EMPTY_BODY = YES;
				CLANG_WARN_ENUM_CONVERSION = YES;
				CLANG_WARN_INT_CONVERSION = YES;
				CLANG_WARN_OBJC_ROOT_CLASS = YES_ERROR;
				CLANG_WARN_UNREACHABLE_CODE = YES;
				CLANG_WARN__DUPLICATE_METHOD_MATCH = YES;
				"CODE_SIGN_IDENTITY[sdk=iphoneos*]" = "iPhone Developer";
				COPY_PHASE_STRIP = NO;
				DEBUG_INFORMATION_FORMAT = dwarf;
				ENABLE_STRICT_OBJC_MSGSEND = YES;
				ENABLE_TESTABILITY = YES;
				GCC_C_LANGUAGE_STANDARD = gnu99;
				GCC_DYNAMIC_NO_PIC = NO;
				GCC_NO_COMMON_BLOCKS = YES;
				GCC_OPTIMIZATION_LEVEL = 0;
				GCC_PREPROCESSOR_DEFINITIONS = (
					"DEBUG=1",
					"$(inherited)",
				);
				GCC_WARN_64_TO_32_BIT_CONVERSION = YES;
				GCC_WARN_ABOUT_RETURN_TYPE = YES_ERROR;
				GCC_WARN_UNDECLARED_SELECTOR = YES;
				GCC_WARN_UNINITIALIZED_AUTOS = YES_AGGRESSIVE;
				GCC_WARN_UNUSED_FUNCTION = YES;
				GCC_WARN_UNUSED_VARIABLE = YES;
				IPHONEOS_DEPLOYMENT_TARGET = 9.1;
				MTL_ENABLE_DEBUG_INFO = YES;
				ONLY_ACTIVE_ARCH = YES;
				SDKROOT = iphoneos;
			};
			name = Debug;
		};
		19E0D6B71BE111CB001897F3 /* Release */ = {
			isa = XCBuildConfiguration;
			buildSettings = {
				ALWAYS_SEARCH_USER_PATHS = NO;
				CLANG_CXX_LANGUAGE_STANDARD = "gnu++0x";
				CLANG_CXX_LIBRARY = "libc++";
				CLANG_ENABLE_MODULES = YES;
				CLANG_ENABLE_OBJC_ARC = YES;
				CLANG_WARN_BOOL_CONVERSION = YES;
				CLANG_WARN_CONSTANT_CONVERSION = YES;
				CLANG_WARN_DIRECT_OBJC_ISA_USAGE = YES_ERROR;
				CLANG_WARN_EMPTY_BODY = YES;
				CLANG_WARN_ENUM_CONVERSION = YES;
				CLANG_WARN_INT_CONVERSION = YES;
				CLANG_WARN_OBJC_ROOT_CLASS = YES_ERROR;
				CLANG_WARN_UNREACHABLE_CODE = YES;
				CLANG_WARN__DUPLICATE_METHOD_MATCH = YES;
				"CODE_SIGN_IDENTITY[sdk=iphoneos*]" = "iPhone Developer";
				COPY_PHASE_STRIP = NO;
				DEBUG_INFORMATION_FORMAT = "dwarf-with-dsym";
				ENABLE_NS_ASSERTIONS = NO;
				ENABLE_STRICT_OBJC_MSGSEND = YES;
				GCC_C_LANGUAGE_STANDARD = gnu99;
				GCC_NO_COMMON_BLOCKS = YES;
				GCC_WARN_64_TO_32_BIT_CONVERSION = YES;
				GCC_WARN_ABOUT_RETURN_TYPE = YES_ERROR;
				GCC_WARN_UNDECLARED_SELECTOR = YES;
				GCC_WARN_UNINITIALIZED_AUTOS = YES_AGGRESSIVE;
				GCC_WARN_UNUSED_FUNCTION = YES;
				GCC_WARN_UNUSED_VARIABLE = YES;
				IPHONEOS_DEPLOYMENT_TARGET = 9.1;
				MTL_ENABLE_DEBUG_INFO = NO;
				SDKROOT = iphoneos;
				VALIDATE_PRODUCT = YES;
			};
			name = Release;
		};
		19E0D6B91BE111CB001897F3 /* Debug */ = {
			isa = XCBuildConfiguration;
			baseConfigurationReference = 9FEB77E86DAFD21DEE111BFA /* Pods.debug.xcconfig */;
			buildSettings = {
				ASSETCATALOG_COMPILER_APPICON_NAME = AppIcon;
				FRAMEWORK_SEARCH_PATHS = (
					"$(inherited)",
					"$(PROJECT_DIR)",
				);
				INFOPLIST_FILE = Confidant/Info.plist;
				LD_RUNPATH_SEARCH_PATHS = "$(inherited) @executable_path/Frameworks";
				PRODUCT_BUNDLE_IDENTIFIER = com.ifreedomer.Confidant;
				PRODUCT_NAME = "$(TARGET_NAME)";
			};
			name = Debug;
		};
		19E0D6BA1BE111CB001897F3 /* Release */ = {
			isa = XCBuildConfiguration;
			baseConfigurationReference = 947AC7FE85E74F57B83B6081 /* Pods.release.xcconfig */;
			buildSettings = {
				ASSETCATALOG_COMPILER_APPICON_NAME = AppIcon;
				FRAMEWORK_SEARCH_PATHS = (
					"$(inherited)",
					"$(PROJECT_DIR)",
				);
				INFOPLIST_FILE = Confidant/Info.plist;
				LD_RUNPATH_SEARCH_PATHS = "$(inherited) @executable_path/Frameworks";
				PRODUCT_BUNDLE_IDENTIFIER = com.ifreedomer.Confidant;
				PRODUCT_NAME = "$(TARGET_NAME)";
			};
			name = Release;
		};
		19E0D6BC1BE111CB001897F3 /* Debug */ = {
			isa = XCBuildConfiguration;
			buildSettings = {
				BUNDLE_LOADER = "$(TEST_HOST)";
				INFOPLIST_FILE = ConfidantTests/Info.plist;
				LD_RUNPATH_SEARCH_PATHS = "$(inherited) @executable_path/Frameworks @loader_path/Frameworks";
				PRODUCT_BUNDLE_IDENTIFIER = com.ifreedomer.ConfidantTests;
				PRODUCT_NAME = "$(TARGET_NAME)";
				TEST_HOST = "$(BUILT_PRODUCTS_DIR)/Confidant.app/Confidant";
			};
			name = Debug;
		};
		19E0D6BD1BE111CB001897F3 /* Release */ = {
			isa = XCBuildConfiguration;
			buildSettings = {
				BUNDLE_LOADER = "$(TEST_HOST)";
				INFOPLIST_FILE = ConfidantTests/Info.plist;
				LD_RUNPATH_SEARCH_PATHS = "$(inherited) @executable_path/Frameworks @loader_path/Frameworks";
				PRODUCT_BUNDLE_IDENTIFIER = com.ifreedomer.ConfidantTests;
				PRODUCT_NAME = "$(TARGET_NAME)";
				TEST_HOST = "$(BUILT_PRODUCTS_DIR)/Confidant.app/Confidant";
			};
			name = Release;
		};
		19E0D6BF1BE111CB001897F3 /* Debug */ = {
			isa = XCBuildConfiguration;
			buildSettings = {
				INFOPLIST_FILE = ConfidantUITests/Info.plist;
				LD_RUNPATH_SEARCH_PATHS = "$(inherited) @executable_path/Frameworks @loader_path/Frameworks";
				PRODUCT_BUNDLE_IDENTIFIER = com.ifreedomer.ConfidantUITests;
				PRODUCT_NAME = "$(TARGET_NAME)";
				TEST_TARGET_NAME = Confidant;
				USES_XCTRUNNER = YES;
			};
			name = Debug;
		};
		19E0D6C01BE111CB001897F3 /* Release */ = {
			isa = XCBuildConfiguration;
			buildSettings = {
				INFOPLIST_FILE = ConfidantUITests/Info.plist;
				LD_RUNPATH_SEARCH_PATHS = "$(inherited) @executable_path/Frameworks @loader_path/Frameworks";
				PRODUCT_BUNDLE_IDENTIFIER = com.ifreedomer.ConfidantUITests;
				PRODUCT_NAME = "$(TARGET_NAME)";
				TEST_TARGET_NAME = Confidant;
				USES_XCTRUNNER = YES;
			};
			name = Release;
		};
/* End XCBuildConfiguration section */

/* Begin XCConfigurationList section */
		19E0D6831BE111CA001897F3 /* Build configuration list for PBXProject "Confidant" */ = {
			isa = XCConfigurationList;
			buildConfigurations = (
				19E0D6B61BE111CB001897F3 /* Debug */,
				19E0D6B71BE111CB001897F3 /* Release */,
			);
			defaultConfigurationIsVisible = 0;
			defaultConfigurationName = Release;
		};
		19E0D6B81BE111CB001897F3 /* Build configuration list for PBXNativeTarget "Confidant" */ = {
			isa = XCConfigurationList;
			buildConfigurations = (
				19E0D6B91BE111CB001897F3 /* Debug */,
				19E0D6BA1BE111CB001897F3 /* Release */,
			);
			defaultConfigurationIsVisible = 0;
			defaultConfigurationName = Release;
		};
		19E0D6BB1BE111CB001897F3 /* Build configuration list for PBXNativeTarget "ConfidantTests" */ = {
			isa = XCConfigurationList;
			buildConfigurations = (
				19E0D6BC1BE111CB001897F3 /* Debug */,
				19E0D6BD1BE111CB001897F3 /* Release */,
			);
			defaultConfigurationIsVisible = 0;
			defaultConfigurationName = Release;
		};
		19E0D6BE1BE111CB001897F3 /* Build configuration list for PBXNativeTarget "ConfidantUITests" */ = {
			isa = XCConfigurationList;
			buildConfigurations = (
				19E0D6BF1BE111CB001897F3 /* Debug */,
				19E0D6C01BE111CB001897F3 /* Release */,
			);
			defaultConfigurationIsVisible = 0;
			defaultConfigurationName = Release;
		};
/* End XCConfigurationList section */

/* Begin XCVersionGroup section */
		19E0D6971BE111CB001897F3 /* Confidant.xcdatamodeld */ = {
			isa = XCVersionGroup;
			children = (
				19E0D6981BE111CB001897F3 /* Confidant.xcdatamodel */,
			);
			currentVersion = 19E0D6981BE111CB001897F3 /* Confidant.xcdatamodel */;
			path = Confidant.xcdatamodeld;
			sourceTree = "<group>";
			versionGroupType = wrapper.xcdatamodel;
		};
/* End XCVersionGroup section */
	};
	rootObject = 19E0D6801BE111CA001897F3 /* Project object */;
}
